
Microsoft Visual Studio Solution File, Format Version 12.00
# Visual Studio Version 17
VisualStudioVersion = 17.5.002.0
MinimumVisualStudioVersion = 10.0.40219.1
Project("{2150E333-8FDC-42A3-9474-1A3956D46DE8}") = "E2E", "E2E", "{39B544AE-35A0-47DD-9CF5-0F5DDCBE7946}"
EndProject
Project("{2150E333-8FDC-42A3-9474-1A3956D46DE8}") = "HTTP-VNET-EH", "HTTP-VNET-EH", "{1CBD6F4D-7EFB-4140-910E-1D9E40B6C25C}"
EndProject
Project("{9A19103F-16F7-4668-BE54-9A1E7A4F7556}") = "flexconsumptionloadwithvnetdemo", "E2E\HTTP-VNET-EH\src\flexconsumptionloadwithvnetdemo.csproj", "{3D6AEB98-6403-4AEB-ACFB-D3EFA0B1CC98}"
EndProject
Global
	GlobalSection(SolutionConfigurationPlatforms) = preSolution
		Debug|Any CPU = Debug|Any CPU
		Release|Any CPU = Release|Any CPU
	EndGlobalSection
	GlobalSection(ProjectConfigurationPlatforms) = postSolution
		{3D6AEB98-6403-4AEB-ACFB-D3EFA0B1CC98}.Debug|Any CPU.ActiveCfg = Debug|Any CPU
		{3D6AEB98-6403-4AEB-ACFB-D3EFA0B1CC98}.Debug|Any CPU.Build.0 = Debug|Any CPU
		{3D6AEB98-6403-4AEB-ACFB-D3EFA0B1CC98}.Release|Any CPU.ActiveCfg = Release|Any CPU
		{3D6AEB98-6403-4AEB-ACFB-D3EFA0B1CC98}.Release|Any CPU.Build.0 = Release|Any CPU
	EndGlobalSection
	GlobalSection(SolutionProperties) = preSolution
		HideSolutionNode = FALSE
	EndGlobalSection
	GlobalSection(NestedProjects) = preSolution
		{1CBD6F4D-7EFB-4140-910E-1D9E40B6C25C} = {39B544AE-35A0-47DD-9CF5-0F5DDCBE7946}
		{3D6AEB98-6403-4AEB-ACFB-D3EFA0B1CC98} = {1CBD6F4D-7EFB-4140-910E-1D9E40B6C25C}
	EndGlobalSection
	GlobalSection(ExtensibilityGlobals) = postSolution
		SolutionGuid = {62380053-2296-4E86-980D-16AF1E966799}
	EndGlobalSection
EndGlobal
