
Microsoft Visual Studio Solution File, Format Version 12.00
# Visual Studio Version 17
VisualStudioVersion = 17.5.002.0
MinimumVisualStudioVersion = 10.0.40219.1
Project("{9A19103F-16F7-4668-BE54-9A1E7A4F7556}") = "OrderProcessor", "OrderProcessor\OrderProcessor.csproj", "{1FC736DA-776A-4E36-A1DC-C3E323B835AA}"
EndProject
Project("{2150E333-8FDC-42A3-9474-1A3956D46DE8}") = "OrderProcessor (1)", "OrderProcessor", "{B0F7B501-0CA7-4ABF-A236-F95FAE01AFAD}"
EndProject
Project("{2150E333-8FDC-42A3-9474-1A3956D46DE8}") = "obj", "obj", "{088024C4-496C-46CB-9856-C2F60F5EC187}"
EndProject
Project("{2150E333-8FDC-42A3-9474-1A3956D46DE8}") = "Release", "Release", "{32B94CA4-BB5B-4D79-9404-FCBCE6EAF70F}"
EndProject
Project("{2150E333-8FDC-42A3-9474-1A3956D46DE8}") = "net8.0", "net8.0", "{973B9584-9767-4559-8835-2A93F5D27C24}"
EndProject
Project("{9A19103F-16F7-4668-BE54-9A1E7A4F7556}") = "WorkerExtensions", "OrderProcessor\obj\Release\net8.0\WorkerExtensions\WorkerExtensions.csproj", "{9ED6A01D-C93E-4D72-87B8-F59AEEF6B06F}"
EndProject
Project("{2150E333-8FDC-42A3-9474-1A3956D46DE8}") = "Debug", "Debug", "{60620296-16FF-400F-9FF1-34297532168E}"
EndProject
Project("{2150E333-8FDC-42A3-9474-1A3956D46DE8}") = "net8.0", "net8.0", "{2E50ACA9-A931-463E-820D-5FB359FA8B51}"
EndProject
Project("{9A19103F-16F7-4668-BE54-9A1E7A4F7556}") = "WorkerExtensions", "OrderProcessor\obj\Debug\net8.0\WorkerExtensions\WorkerExtensions.csproj", "{BACE63E5-D4C5-40D9-B46D-9E28B936F85A}"
EndProject
Global
	GlobalSection(SolutionConfigurationPlatforms) = preSolution
		Debug|Any CPU = Debug|Any CPU
		Release|Any CPU = Release|Any CPU
	EndGlobalSection
	GlobalSection(ProjectConfigurationPlatforms) = postSolution
		{1FC736DA-776A-4E36-A1DC-C3E323B835AA}.Debug|Any CPU.ActiveCfg = Debug|Any CPU
		{1FC736DA-776A-4E36-A1DC-C3E323B835AA}.Debug|Any CPU.Build.0 = Debug|Any CPU
		{1FC736DA-776A-4E36-A1DC-C3E323B835AA}.Release|Any CPU.ActiveCfg = Release|Any CPU
		{1FC736DA-776A-4E36-A1DC-C3E323B835AA}.Release|Any CPU.Build.0 = Release|Any CPU
		{9ED6A01D-C93E-4D72-87B8-F59AEEF6B06F}.Debug|Any CPU.ActiveCfg = Debug|Any CPU
		{9ED6A01D-C93E-4D72-87B8-F59AEEF6B06F}.Debug|Any CPU.Build.0 = Debug|Any CPU
		{9ED6A01D-C93E-4D72-87B8-F59AEEF6B06F}.Release|Any CPU.ActiveCfg = Release|Any CPU
		{9ED6A01D-C93E-4D72-87B8-F59AEEF6B06F}.Release|Any CPU.Build.0 = Release|Any CPU
		{BACE63E5-D4C5-40D9-B46D-9E28B936F85A}.Debug|Any CPU.ActiveCfg = Debug|Any CPU
		{BACE63E5-D4C5-40D9-B46D-9E28B936F85A}.Debug|Any CPU.Build.0 = Debug|Any CPU
		{BACE63E5-D4C5-40D9-B46D-9E28B936F85A}.Release|Any CPU.ActiveCfg = Release|Any CPU
		{BACE63E5-D4C5-40D9-B46D-9E28B936F85A}.Release|Any CPU.Build.0 = Release|Any CPU
	EndGlobalSection
	GlobalSection(SolutionProperties) = preSolution
		HideSolutionNode = FALSE
	EndGlobalSection
	GlobalSection(NestedProjects) = preSolution
		{088024C4-496C-46CB-9856-C2F60F5EC187} = {B0F7B501-0CA7-4ABF-A236-F95FAE01AFAD}
		{32B94CA4-BB5B-4D79-9404-FCBCE6EAF70F} = {088024C4-496C-46CB-9856-C2F60F5EC187}
		{973B9584-9767-4559-8835-2A93F5D27C24} = {32B94CA4-BB5B-4D79-9404-FCBCE6EAF70F}
		{9ED6A01D-C93E-4D72-87B8-F59AEEF6B06F} = {973B9584-9767-4559-8835-2A93F5D27C24}
		{60620296-16FF-400F-9FF1-34297532168E} = {088024C4-496C-46CB-9856-C2F60F5EC187}
		{2E50ACA9-A931-463E-820D-5FB359FA8B51} = {60620296-16FF-400F-9FF1-34297532168E}
		{BACE63E5-D4C5-40D9-B46D-9E28B936F85A} = {2E50ACA9-A931-463E-820D-5FB359FA8B51}
	EndGlobalSection
	GlobalSection(ExtensibilityGlobals) = postSolution
		SolutionGuid = {48C2CDAF-9E7F-41EC-A4A9-C184606507DE}
	EndGlobalSection
EndGlobal
